<?xml version="1.0" encoding="utf-8"?>
<Project ToolsVersion="4.0" xmlns="http://schemas.microsoft.com/developer/msbuild/2003">
  <ItemGroup>
    <ClCompile Include="main.cpp" />
    <ClCompile Include="..\..\Board.cpp">
      <Filter>testSubjects</Filter>
    </ClCompile>
    <ClCompile Include="..\..\BoardStates.cpp">
      <Filter>testSubjects</Filter>
    </ClCompile>
    <ClCompile Include="..\..\BoardWizard.cpp">
      <Filter>testSubjects</Filter>
    </ClCompile>
    <ClCompile Include="..\..\Engine.cpp">
      <Filter>testSubjects</Filter>
    </ClCompile>
    <ClCompile Include="..\..\FigInfo.cpp">
      <Filter>testSubjects</Filter>
    </ClCompile>
    <ClCompile Include="..\..\GameModule.cpp">
      <Filter>testSubjects</Filter>
    </ClCompile>
    <ClCompile Include="..\..\Generator.cpp">
      <Filter>testSubjects</Filter>
    </ClCompile>
    <ClCompile Include="..\..\Globals.cpp">
      <Filter>testSubjects</Filter>
    </ClCompile>
    <ClCompile Include="..\..\GuiModule.cpp">
      <Filter>testSubjects</Filter>
    </ClCompile>
    <ClCompile Include="..\..\Initializator.cpp">
      <Filter>testSubjects</Filter>
    </ClCompile>
    <ClCompile Include="..\..\Settings.cpp">
      <Filter>testSubjects</Filter>
    </ClCompile>
    <ClCompile Include="..\..\Special.cpp">
      <Filter>testSubjects</Filter>
    </ClCompile>
    <ClCompile Include="..\..\SpecialsManager.cpp">
      <Filter>testSubjects</Filter>
    </ClCompile>
    <ClCompile Include="..\..\Valuator.cpp">
      <Filter>testSubjects</Filter>
    </ClCompile>
    <ClCompile Include="..\..\tests\BoardWizardTests.cpp">
      <Filter>tests</Filter>
    </ClCompile>
    <ClCompile Include="..\..\tests\GeneratorTests.cpp">
      <Filter>tests</Filter>
    </ClCompile>
    <ClCompile Include="..\..\tests\FigInfoTests.cpp">
      <Filter>tests</Filter>
    </ClCompile>
    <ClCompile Include="..\..\tests\ValuatorTests.cpp">
      <Filter>tests</Filter>
    </ClCompile>
    <ClCompile Include="..\..\MathLogicStore.cpp">
      <Filter>testSubjects</Filter>
    </ClCompile>
    <ClCompile Include="..\..\PawnsValuator.cpp">
      <Filter>testSubjects</Filter>
    </ClCompile>
    <ClCompile Include="..\..\tests\PawnsValuatorTests.cpp">
      <Filter>tests</Filter>
    </ClCompile>
    <ClCompile Include="..\..\RocksValuator.cpp">
      <Filter>testSubjects</Filter>
    </ClCompile>
    <ClCompile Include="..\..\PawnsPromotion.cpp">
      <Filter>testSubjects</Filter>
    </ClCompile>
    <ClCompile Include="..\..\tests\PawnsPromotionTests.cpp">
      <Filter>tests</Filter>
    </ClCompile>
    <ClCompile Include="..\..\TestBoards.cpp">
      <Filter>testSubjects</Filter>
    </ClCompile>
    <ClCompile Include="..\..\QueensValuator.cpp">
      <Filter>testSubjects</Filter>
    </ClCompile>
    <ClCompile Include="..\..\KingsValuator.cpp">
      <Filter>testSubjects</Filter>
    </ClCompile>
    <ClCompile Include="..\..\KnightsValuator.cpp">
      <Filter>testSubjects</Filter>
    </ClCompile>
    <ClCompile Include="..\..\BishopsValuator.cpp">
      <Filter>testSubjects</Filter>
    </ClCompile>
    <ClCompile Include="..\..\Statistics.cpp">
      <Filter>testSubjects</Filter>
    </ClCompile>
    <ClCompile Include="..\..\Properties.cpp">
      <Filter>testSubjects</Filter>
    </ClCompile>
    <ClCompile Include="..\..\BoardRememberer.cpp">
      <Filter>testSubjects</Filter>
    </ClCompile>
    <ClCompile Include="..\..\PropertiesLoader.cpp">
      <Filter>testSubjects</Filter>
    </ClCompile>
  </ItemGroup>
  <ItemGroup>
    <ClInclude Include="stdafx.h" />
    <ClInclude Include="targetver.h" />
  </ItemGroup>
  <ItemGroup>
    <Text Include="ReadMe.txt" />
  </ItemGroup>
  <ItemGroup>
    <Filter Include="tests">
      <UniqueIdentifier>{017405d7-edfa-446a-9113-d93acbd8f817}</UniqueIdentifier>
    </Filter>
    <Filter Include="testSubjects">
      <UniqueIdentifier>{2c6d8483-d2f2-4237-9297-dc6f0408e70a}</UniqueIdentifier>
    </Filter>
  </ItemGroup>
</Project>